
Microsoft Visual Studio Solution File, Format Version 12.00
# Visual Studio Version 17
VisualStudioVersion = 17.0.31903.59
MinimumVisualStudioVersion = 10.0.40219.1
Project("{FAE04EC0-301F-11D3-BF4B-00C04F79EFBC}") = "Model", "Model\Model.csproj", "{94A8863A-A038-42CA-A882-88C4792B81C1}"
EndProject
Project("{FAE04EC0-301F-11D3-BF4B-00C04F79EFBC}") = "ShowOOP", "ShowOOP\ShowOOP.csproj", "{65E57946-D2D8-4E6F-A423-01F8658869E8}"
EndProject
Project("{FAE04EC0-301F-11D3-BF4B-00C04F79EFBC}") = "ShowJS", "ShowJS\ShowJS.csproj", "{1A674906-5365-4B48-A1A8-CB58CFDC71F1}"
EndProject
Global
	GlobalSection(SolutionConfigurationPlatforms) = preSolution
		Debug|Any CPU = Debug|Any CPU
		Release|Any CPU = Release|Any CPU
	EndGlobalSection
	GlobalSection(SolutionProperties) = preSolution
		HideSolutionNode = FALSE
	EndGlobalSection
	GlobalSection(ProjectConfigurationPlatforms) = postSolution
		{94A8863A-A038-42CA-A882-88C4792B81C1}.Debug|Any CPU.ActiveCfg = Debug|Any CPU
		{94A8863A-A038-42CA-A882-88C4792B81C1}.Debug|Any CPU.Build.0 = Debug|Any CPU
		{94A8863A-A038-42CA-A882-88C4792B81C1}.Release|Any CPU.ActiveCfg = Release|Any CPU
		{94A8863A-A038-42CA-A882-88C4792B81C1}.Release|Any CPU.Build.0 = Release|Any CPU
		{65E57946-D2D8-4E6F-A423-01F8658869E8}.Debug|Any CPU.ActiveCfg = Debug|Any CPU
		{65E57946-D2D8-4E6F-A423-01F8658869E8}.Debug|Any CPU.Build.0 = Debug|Any CPU
		{65E57946-D2D8-4E6F-A423-01F8658869E8}.Release|Any CPU.ActiveCfg = Release|Any CPU
		{65E57946-D2D8-4E6F-A423-01F8658869E8}.Release|Any CPU.Build.0 = Release|Any CPU
		{1A674906-5365-4B48-A1A8-CB58CFDC71F1}.Debug|Any CPU.ActiveCfg = Debug|Any CPU
		{1A674906-5365-4B48-A1A8-CB58CFDC71F1}.Debug|Any CPU.Build.0 = Debug|Any CPU
		{1A674906-5365-4B48-A1A8-CB58CFDC71F1}.Release|Any CPU.ActiveCfg = Release|Any CPU
		{1A674906-5365-4B48-A1A8-CB58CFDC71F1}.Release|Any CPU.Build.0 = Release|Any CPU
	EndGlobalSection
EndGlobal
